<?xml version="1.0" encoding="utf-8"?>
<Project ToolsVersion="4.0" xmlns="http://schemas.microsoft.com/developer/msbuild/2003">
  <ItemGroup>
    <Filter Include="win32">
      <UniqueIdentifier>{84a8ebd7-7cf0-47f6-b75e-d441df67da40}</UniqueIdentifier>
    </Filter>
    <Filter Include="resource">
      <UniqueIdentifier>{715254bc-d70b-4ec5-bf29-467dd3ace079}</UniqueIdentifier>
    </Filter>
    <Filter Include="src">
      <UniqueIdentifier>{bb6c862e-70e9-49d9-81b7-3829a6f50471}</UniqueIdentifier>
    </Filter>
    <Filter Include="src\FrameWork">
      <UniqueIdentifier>{b692248b-bb71-4cea-b372-cbd9ddb72c0a}</UniqueIdentifier>
    </Filter>
    <Filter Include="src\FrameWork\GameData">
      <UniqueIdentifier>{fa3cc680-4102-472e-868b-f690b2c92b74}</UniqueIdentifier>
    </Filter>
    <Filter Include="src\FrameWork\GameData\CSkill">
      <UniqueIdentifier>{c129f0d1-93f2-4ebd-a250-076391cb4661}</UniqueIdentifier>
    </Filter>
    <Filter Include="src\FrameWork\GameData\CEffect">
      <UniqueIdentifier>{6f045dd2-9088-48ba-a9f3-05685950bdcd}</UniqueIdentifier>
    </Filter>
    <Filter Include="src\FrameWork\Manager">
      <UniqueIdentifier>{c642cf9a-e5ee-494f-bec5-b9a53730ec3e}</UniqueIdentifier>
    </Filter>
    <Filter Include="src\FrameWork\Manager\TextureManager">
      <UniqueIdentifier>{0fe220a6-bcf3-44a2-97e7-bb2725c5c9e9}</UniqueIdentifier>
    </Filter>
    <Filter Include="src\FrameWork\Manager\AnimateManager">
      <UniqueIdentifier>{4fd50d52-e75f-4ad7-b6fd-4d2bd1146b04}</UniqueIdentifier>
    </Filter>
    <Filter Include="src\FrameWork\Manager\DebugDraw">
      <UniqueIdentifier>{243dc9fc-c1f9-4acc-b613-4e794f143250}</UniqueIdentifier>
    </Filter>
    <Filter Include="src\TowerDefent">
      <UniqueIdentifier>{54c2c6be-ee13-44c5-bb5b-21fa8b3a4e33}</UniqueIdentifier>
    </Filter>
    <Filter Include="src\FrameWork\Helper">
      <UniqueIdentifier>{09d6af99-681a-48ff-b036-5c799e7662b5}</UniqueIdentifier>
    </Filter>
    <Filter Include="src\FrameWork\GameData\CSkill\CSkillGeneric">
      <UniqueIdentifier>{a326a9d6-ea76-4aac-9db9-70e6259a9d9f}</UniqueIdentifier>
    </Filter>
    <Filter Include="src\FrameWork\GameData\CSkill\CSkillGeneric\CSkillAttactk">
      <UniqueIdentifier>{3a7cd443-80e6-41ae-aeab-f8911b39dacd}</UniqueIdentifier>
    </Filter>
    <Filter Include="src\FrameWork\GameData\CSkill\CSkillGeneric\CSkillEffect">
      <UniqueIdentifier>{4663bbdf-b013-46ab-8a88-52ecbe7179ac}</UniqueIdentifier>
    </Filter>
    <Filter Include="src\TowerDefent\Unit">
      <UniqueIdentifier>{28273623-6593-4c0e-b63d-dd634f8f1b0a}</UniqueIdentifier>
    </Filter>
    <Filter Include="src\TowerDefent\Unit\Bullet">
      <UniqueIdentifier>{3496fc48-00b6-400b-87f6-da31d0d3b8e2}</UniqueIdentifier>
    </Filter>
    <Filter Include="src\TowerDefent\Unit\Monster">
      <UniqueIdentifier>{47473636-c275-400d-806e-93658db8d547}</UniqueIdentifier>
    </Filter>
    <Filter Include="src\TowerDefent\Unit\Tower">
      <UniqueIdentifier>{aaa5754b-eeef-4956-9086-82e49fc6ecad}</UniqueIdentifier>
    </Filter>
    <Filter Include="src\TowerDefent\GameMap">
      <UniqueIdentifier>{db9f3be0-dbe1-437d-9c78-ee9e32e3fe36}</UniqueIdentifier>
    </Filter>
    <Filter Include="src\TowerDefent\Scene">
      <UniqueIdentifier>{ef81c13d-80e0-473b-918d-09fcd102d185}</UniqueIdentifier>
    </Filter>
    <Filter Include="src\TowerDefent\Scene\BattelScene">
      <UniqueIdentifier>{ae4e680e-51fe-402b-8578-0b3b4e9ed075}</UniqueIdentifier>
    </Filter>
    <Filter Include="src\TowerDefent\Layer">
      <UniqueIdentifier>{5faf1216-1a7e-476b-ba3e-3958c2fc42d4}</UniqueIdentifier>
    </Filter>
    <Filter Include="src\FrameWork\Manager\ResourceLoader">
      <UniqueIdentifier>{6c1d0021-7717-4f1d-8bf4-2f5e17ea43de}</UniqueIdentifier>
    </Filter>
    <Filter Include="src\FrameWork\GameData\CBehavior">
      <UniqueIdentifier>{aafdbc53-a637-4c1c-a2ad-7d3590c9d5d8}</UniqueIdentifier>
    </Filter>
    <Filter Include="src\FrameWork\GameData\CCost">
      <UniqueIdentifier>{3f96f3e0-5b32-48dd-a008-64b59ea24d9e}</UniqueIdentifier>
    </Filter>
    <Filter Include="src\FrameWork\GameData\CWeapon">
      <UniqueIdentifier>{91422291-e360-48a3-bdcb-f46e3cf1c6c6}</UniqueIdentifier>
    </Filter>
    <Filter Include="src\FrameWork\GameData\CBehavior\CBeahaviorBuff">
      <UniqueIdentifier>{93fd4af9-acf8-4dc4-b30b-efb1b9290ef9}</UniqueIdentifier>
    </Filter>
    <Filter Include="src\FrameWork\DataStructure">
      <UniqueIdentifier>{a45e9d84-bf86-472b-a8de-9f527b72e173}</UniqueIdentifier>
    </Filter>
    <Filter Include="src\FrameWork\DataStructure\Ability">
      <UniqueIdentifier>{684690bb-e3e5-4bd4-a6f3-fe8fb6861b1f}</UniqueIdentifier>
    </Filter>
    <Filter Include="src\FrameWork\GameData\CCost\CCostUnit">
      <UniqueIdentifier>{ae5f3786-81ab-491e-90c1-97046f3d60fb}</UniqueIdentifier>
    </Filter>
    <Filter Include="src\TowerDefent\Card">
      <UniqueIdentifier>{e4026dff-8061-425c-9284-8e64a0f95ed7}</UniqueIdentifier>
    </Filter>
    <Filter Include="src\TowerDefent\Card\SpellCard">
      <UniqueIdentifier>{fa4666d9-37ca-48d3-aa45-1c68e37357c8}</UniqueIdentifier>
    </Filter>
    <Filter Include="src\TowerDefent\Card\TowerCard">
      <UniqueIdentifier>{7734d397-7f25-43cd-835e-bcc4af8c4ee9}</UniqueIdentifier>
    </Filter>
    <Filter Include="src\FrameWork\GameData\CPlayer">
      <UniqueIdentifier>{bf6b27e9-e655-47f2-870d-b298b52ecfc1}</UniqueIdentifier>
    </Filter>
    <Filter Include="src\TowerDefent\Scene\PrepareScene">
      <UniqueIdentifier>{1e7811ca-98b6-4ebc-a6c5-c911e1dfe810}</UniqueIdentifier>
    </Filter>
    <Filter Include="src\FrameWork\GameData\CCost\CCostPlayer">
      <UniqueIdentifier>{6dbd7df6-55b9-424a-acda-28b249400e6f}</UniqueIdentifier>
    </Filter>
    <Filter Include="src\FrameWork\GameData\CEffect\CEffects">
      <UniqueIdentifier>{08f1d46a-1cdb-484b-b1d4-ff11ad1cec21}</UniqueIdentifier>
    </Filter>
    <Filter Include="src\FrameWork\GameData\CEffect\CEffects\CEffectResponse">
      <UniqueIdentifier>{49315291-877a-4cdf-8642-28924f2a6591}</UniqueIdentifier>
    </Filter>
    <Filter Include="src\FrameWork\GameData\CUnit">
      <UniqueIdentifier>{0f2c9296-672a-44bf-bbc4-40d1343275fc}</UniqueIdentifier>
    </Filter>
    <Filter Include="src\FrameWork\GameData\CActor">
      <UniqueIdentifier>{dfa118e2-bc83-4a97-9db3-45b89b6bf5e3}</UniqueIdentifier>
    </Filter>
    <Filter Include="src\FrameWork\GameData\CModification">
      <UniqueIdentifier>{d61a4093-b086-4c61-88d3-b33ff3de6b7d}</UniqueIdentifier>
    </Filter>
  </ItemGroup>
  <ItemGroup>
    <ClCompile Include="main.cpp">
      <Filter>win32</Filter>
    </ClCompile>
    <ClCompile Include="..\Classes\AppDelegate.cpp">
      <Filter>src</Filter>
    </ClCompile>
    <ClCompile Include="..\Classes\FrameWork\GameData\Actor\ActorManager.cpp">
      <Filter>src\FrameWork\GameData\CActor</Filter>
    </ClCompile>
    <ClCompile Include="..\Classes\FrameWork\GameData\CEffect\CEffect.cpp">
      <Filter>src\FrameWork\GameData\CEffect</Filter>
    </ClCompile>
    <ClCompile Include="..\Classes\FrameWork\GameData\CEffect\EffectManager.cpp">
      <Filter>src\FrameWork\GameData\CEffect</Filter>
    </ClCompile>
    <ClCompile Include="..\Classes\FrameWork\GameData\CSkill\SkillManager.cpp">
      <Filter>src\FrameWork\GameData\CSkill</Filter>
    </ClCompile>
    <ClCompile Include="..\Classes\FrameWork\GameData\CSkill\CSkill.cpp">
      <Filter>src\FrameWork\GameData\CSkill</Filter>
    </ClCompile>
    <ClCompile Include="..\Classes\FrameWork\GameData\Unit\UnitManager.cpp">
      <Filter>src\FrameWork\GameData\CUnit</Filter>
    </ClCompile>
    <ClCompile Include="..\Classes\FrameWork\Manager\AnimateManager.cpp">
      <Filter>src\FrameWork\Manager\AnimateManager</Filter>
    </ClCompile>
    <ClCompile Include="..\Classes\FrameWork\Manager\DebugDraw.cpp">
      <Filter>src\FrameWork\Manager\DebugDraw</Filter>
    </ClCompile>
    <ClCompile Include="..\Classes\FrameWork\Manager\TextureManager.cpp">
      <Filter>src\FrameWork\Manager\TextureManager</Filter>
    </ClCompile>
    <ClCompile Include="..\Classes\TowerDefent\Scene\HelloWorldScene.cpp">
      <Filter>src\TowerDefent\Scene</Filter>
    </ClCompile>
    <ClCompile Include="..\Classes\TowerDefent\GameMap\GameMap.cpp">
      <Filter>src\TowerDefent\GameMap</Filter>
    </ClCompile>
    <ClCompile Include="..\Classes\TowerDefent\Scene\BattleScene.cpp">
      <Filter>src\TowerDefent\Scene\BattelScene</Filter>
    </ClCompile>
    <ClCompile Include="..\Classes\FrameWork\GameData\CSkill\CSkillEffect.cpp">
      <Filter>src\FrameWork\GameData\CSkill\CSkillGeneric\CSkillEffect</Filter>
    </ClCompile>
    <ClCompile Include="..\Classes\FrameWork\GameData\CSkill\CSkillEffectInstant.cpp">
      <Filter>src\FrameWork\GameData\CSkill\CSkillGeneric\CSkillEffect</Filter>
    </ClCompile>
    <ClCompile Include="..\Classes\FrameWork\GameData\CSkill\CSkillGeneric.cpp">
      <Filter>src\FrameWork\GameData\CSkill\CSkillGeneric</Filter>
    </ClCompile>
    <ClCompile Include="..\Classes\FrameWork\GameData\CSkill\CSkillAttactk.cpp">
      <Filter>src\FrameWork\GameData\CSkill\CSkillGeneric\CSkillAttactk</Filter>
    </ClCompile>
    <ClCompile Include="..\Classes\FrameWork\GameData\CEffect\CEffectDamage.cpp">
      <Filter>src\FrameWork\GameData\CEffect\CEffects\CEffectResponse</Filter>
    </ClCompile>
    <ClCompile Include="..\Classes\FrameWork\GameData\CEffect\CEffectEnumArea.cpp">
      <Filter>src\FrameWork\GameData\CEffect\CEffects\CEffectResponse</Filter>
    </ClCompile>
    <ClCompile Include="..\Classes\FrameWork\GameData\CEffect\CEffectLaunchMissile.cpp">
      <Filter>src\FrameWork\GameData\CEffect\CEffects\CEffectResponse</Filter>
    </ClCompile>
    <ClCompile Include="..\Classes\FrameWork\GameData\CEffect\CEffectResponse.cpp">
      <Filter>src\FrameWork\GameData\CEffect\CEffects\CEffectResponse</Filter>
    </ClCompile>
    <ClCompile Include="..\Classes\FrameWork\GameData\CEffect\CEffectSet.cpp">
      <Filter>src\FrameWork\GameData\CEffect\CEffects</Filter>
    </ClCompile>
    <ClCompile Include="..\Classes\TowerDefent\Layer\UnitLayer.cpp">
      <Filter>src\TowerDefent\Layer</Filter>
    </ClCompile>
    <ClCompile Include="..\Classes\TowerDefent\Unit\Bullet.cpp">
      <Filter>src\TowerDefent\Unit\Bullet</Filter>
    </ClCompile>
    <ClCompile Include="..\Classes\TowerDefent\Unit\BulletFactory.cpp">
      <Filter>src\TowerDefent\Unit\Bullet</Filter>
    </ClCompile>
    <ClCompile Include="..\Classes\TowerDefent\Unit\Monster.cpp">
      <Filter>src\TowerDefent\Unit\Monster</Filter>
    </ClCompile>
    <ClCompile Include="..\Classes\TowerDefent\Unit\Tower.cpp">
      <Filter>src\TowerDefent\Unit\Tower</Filter>
    </ClCompile>
    <ClCompile Include="..\Classes\FrameWork\GameData\Weapon\CWeapon.cpp">
      <Filter>src\FrameWork\GameData\CWeapon</Filter>
    </ClCompile>
    <ClCompile Include="..\Classes\TowerDefent\Layer\TowerSelectLayer.cpp">
      <Filter>src\TowerDefent\Layer</Filter>
    </ClCompile>
    <ClCompile Include="..\Classes\TowerDefent\Layer\GameMapLayer.cpp">
      <Filter>src\TowerDefent\Layer</Filter>
    </ClCompile>
    <ClCompile Include="..\Classes\FrameWork\GameData\Weapon\WeaponManager.cpp">
      <Filter>src\FrameWork\GameData\CWeapon</Filter>
    </ClCompile>
    <ClCompile Include="..\Classes\FrameWork\Manager\ResourceLoader.cpp">
      <Filter>src\FrameWork\Manager\ResourceLoader</Filter>
    </ClCompile>
    <ClCompile Include="..\Classes\TowerDefent\GameMap\GridPos.cpp">
      <Filter>src\TowerDefent\GameMap</Filter>
    </ClCompile>
    <ClCompile Include="..\Classes\FrameWork\GameData\CBehavior\CBehavior.cpp">
      <Filter>src\FrameWork\GameData\CBehavior</Filter>
    </ClCompile>
    <ClCompile Include="..\Classes\FrameWork\GameData\CCost\CCost.cpp">
      <Filter>src\FrameWork\GameData\CCost</Filter>
    </ClCompile>
    <ClCompile Include="..\Classes\FrameWork\GameData\CBehavior\CBeahaviorBuff.cpp">
      <Filter>src\FrameWork\GameData\CBehavior\CBeahaviorBuff</Filter>
    </ClCompile>
    <ClCompile Include="..\Classes\FrameWork\DataStructure\Ability.cpp">
      <Filter>src\FrameWork\DataStructure\Ability</Filter>
    </ClCompile>
    <ClCompile Include="..\Classes\FrameWork\GameData\CBehavior\BehaviorManager.cpp">
      <Filter>src\FrameWork\GameData\CBehavior</Filter>
    </ClCompile>
    <ClCompile Include="..\Classes\FrameWork\GameData\CCost\CCostUnit.cpp">
      <Filter>src\FrameWork\GameData\CCost\CCostUnit</Filter>
    </ClCompile>
    <ClCompile Include="..\Classes\TowerDefent\Layer\TowerInfoLayer.cpp">
      <Filter>src\TowerDefent\Layer</Filter>
    </ClCompile>
    <ClCompile Include="..\Classes\TowerDefent\GameMap\WaveManager.cpp">
      <Filter>src\TowerDefent\GameMap</Filter>
    </ClCompile>
    <ClCompile Include="..\Classes\TowerDefent\Card\SpellCard.cpp">
      <Filter>src\TowerDefent\Card\SpellCard</Filter>
    </ClCompile>
    <ClCompile Include="..\Classes\TowerDefent\Card\SpellCardManager.cpp">
      <Filter>src\TowerDefent\Card\SpellCard</Filter>
    </ClCompile>
    <ClCompile Include="..\Classes\TowerDefent\Card\TowerCard.cpp">
      <Filter>src\TowerDefent\Card\TowerCard</Filter>
    </ClCompile>
    <ClCompile Include="..\Classes\TowerDefent\Card\TowerCardManager.cpp">
      <Filter>src\TowerDefent\Card\TowerCard</Filter>
    </ClCompile>
    <ClCompile Include="..\Classes\FrameWork\GameData\CPlayer\CPLayer.cpp">
      <Filter>src\FrameWork\GameData\CPlayer</Filter>
    </ClCompile>
    <ClCompile Include="..\Classes\TowerDefent\Layer\GameMapInfoLayer.cpp">
      <Filter>src\TowerDefent\Layer</Filter>
    </ClCompile>
    <ClCompile Include="..\Classes\TowerDefent\Scene\PrepareScene.cpp">
      <Filter>src\TowerDefent\Scene\PrepareScene</Filter>
    </ClCompile>
    <ClCompile Include="..\Classes\FrameWork\GameData\CCost\CCostPlayer.cpp">
      <Filter>src\FrameWork\GameData\CCost\CCostPlayer</Filter>
    </ClCompile>
    <ClCompile Include="..\Classes\FrameWork\GameData\CGameData.cpp">
      <Filter>src\FrameWork\GameData</Filter>
    </ClCompile>
    <ClCompile Include="..\Classes\FrameWork\GameData\Unit\CUnit.cpp">
      <Filter>src\FrameWork\GameData\CUnit</Filter>
    </ClCompile>
    <ClCompile Include="..\Classes\FrameWork\GameData\Actor\CActor.cpp">
      <Filter>src\FrameWork\GameData\CActor</Filter>
    </ClCompile>
    <ClCompile Include="..\Classes\FrameWork\GameData\CModification\CModification.cpp">
      <Filter>src\FrameWork\GameData\CModification</Filter>
    </ClCompile>
    <ClCompile Include="..\Classes\FrameWork\Helper\GalaxyHelper.cpp">
      <Filter>src\FrameWork\Helper</Filter>
    </ClCompile>
    <ClCompile Include="..\Classes\FrameWork\GameData\Unit\UnitCreator.cpp">
      <Filter>src\FrameWork\GameData\CUnit</Filter>
    </ClCompile>
    <ClCompile Include="..\Classes\TowerDefent\Unit\TDUnitCreator.cpp">
      <Filter>src\TowerDefent\Unit</Filter>
    </ClCompile>
  </ItemGroup>
  <ItemGroup>
    <ClInclude Include="main.h">
      <Filter>win32</Filter>
    </ClInclude>
    <ClInclude Include="..\Classes\AppDelegate.h">
      <Filter>src</Filter>
    </ClInclude>
    <ClInclude Include="..\Classes\FrameWork\GameData\Actor\ActorManager.h">
      <Filter>src\FrameWork\GameData\CActor</Filter>
    </ClInclude>
    <ClInclude Include="..\Classes\FrameWork\GameData\CEffect\CEffect.h">
      <Filter>src\FrameWork\GameData\CEffect</Filter>
    </ClInclude>
    <ClInclude Include="..\Classes\FrameWork\GameData\CEffect\EffectManager.h">
      <Filter>src\FrameWork\GameData\CEffect</Filter>
    </ClInclude>
    <ClInclude Include="..\Classes\FrameWork\GameData\CSkill\CSkill.h">
      <Filter>src\FrameWork\GameData\CSkill</Filter>
    </ClInclude>
    <ClInclude Include="..\Classes\FrameWork\GameData\Unit\UnitManager.h">
      <Filter>src\FrameWork\GameData\CUnit</Filter>
    </ClInclude>
    <ClInclude Include="..\Classes\FrameWork\Manager\AnimateManager.h">
      <Filter>src\FrameWork\Manager\AnimateManager</Filter>
    </ClInclude>
    <ClInclude Include="..\Classes\FrameWork\Manager\DebugDraw.h">
      <Filter>src\FrameWork\Manager\DebugDraw</Filter>
    </ClInclude>
    <ClInclude Include="..\Classes\FrameWork\Manager\TextureManager.h">
      <Filter>src\FrameWork\Manager\TextureManager</Filter>
    </ClInclude>
    <ClInclude Include="..\Classes\FrameWork\stdfax.h">
      <Filter>src\FrameWork</Filter>
    </ClInclude>
    <ClInclude Include="..\Classes\TowerDefent\Scene\HelloWorldScene.h">
      <Filter>src\TowerDefent\Scene</Filter>
    </ClInclude>
    <ClInclude Include="..\Classes\TowerDefent\GameMap\GameMap.h">
      <Filter>src\TowerDefent\GameMap</Filter>
    </ClInclude>
    <ClInclude Include="..\Classes\TowerDefent\Scene\BattleScene.h">
      <Filter>src\TowerDefent\Scene\BattelScene</Filter>
    </ClInclude>
    <ClInclude Include="..\Classes\FrameWork\GameData\CSkill\CSkillEffect.h">
      <Filter>src\FrameWork\GameData\CSkill\CSkillGeneric\CSkillEffect</Filter>
    </ClInclude>
    <ClInclude Include="..\Classes\FrameWork\GameData\CSkill\CSkillEffectInstant.h">
      <Filter>src\FrameWork\GameData\CSkill\CSkillGeneric\CSkillEffect</Filter>
    </ClInclude>
    <ClInclude Include="..\Classes\FrameWork\GameData\CSkill\CSkillGeneric.h">
      <Filter>src\FrameWork\GameData\CSkill\CSkillGeneric</Filter>
    </ClInclude>
    <ClInclude Include="..\Classes\FrameWork\GameData\CSkill\CSkillAttactk.h">
      <Filter>src\FrameWork\GameData\CSkill\CSkillGeneric\CSkillAttactk</Filter>
    </ClInclude>
    <ClInclude Include="..\Classes\FrameWork\GameData\CEffect\CEffectDamage.h">
      <Filter>src\FrameWork\GameData\CEffect\CEffects\CEffectResponse</Filter>
    </ClInclude>
    <ClInclude Include="..\Classes\FrameWork\GameData\CEffect\CEffectEnumArea.h">
      <Filter>src\FrameWork\GameData\CEffect\CEffects\CEffectResponse</Filter>
    </ClInclude>
    <ClInclude Include="..\Classes\FrameWork\GameData\CEffect\CEffectLaunchMissile.h">
      <Filter>src\FrameWork\GameData\CEffect\CEffects\CEffectResponse</Filter>
    </ClInclude>
    <ClInclude Include="..\Classes\FrameWork\GameData\CEffect\CEffectResponse.h">
      <Filter>src\FrameWork\GameData\CEffect\CEffects\CEffectResponse</Filter>
    </ClInclude>
    <ClInclude Include="..\Classes\FrameWork\GameData\CEffect\CEffectSet.h">
      <Filter>src\FrameWork\GameData\CEffect\CEffects</Filter>
    </ClInclude>
    <ClInclude Include="..\Classes\TowerDefent\Layer\UnitLayer.h">
      <Filter>src\TowerDefent\Layer</Filter>
    </ClInclude>
    <ClInclude Include="..\Classes\TowerDefent\Unit\BulletFactory.h">
      <Filter>src\TowerDefent\Unit\Bullet</Filter>
    </ClInclude>
    <ClInclude Include="..\Classes\TowerDefent\Unit\Bullet.h">
      <Filter>src\TowerDefent\Unit\Bullet</Filter>
    </ClInclude>
    <ClInclude Include="..\Classes\TowerDefent\Unit\Monster.h">
      <Filter>src\TowerDefent\Unit\Monster</Filter>
    </ClInclude>
    <ClInclude Include="..\Classes\TowerDefent\Unit\Tower.h">
      <Filter>src\TowerDefent\Unit\Tower</Filter>
    </ClInclude>
    <ClInclude Include="..\Classes\FrameWork\GameData\Weapon\CWeapon.h">
      <Filter>src\FrameWork\GameData\CWeapon</Filter>
    </ClInclude>
    <ClInclude Include="..\Classes\TowerDefent\Layer\TowerSelectLayer.h">
      <Filter>src\TowerDefent\Layer</Filter>
    </ClInclude>
    <ClInclude Include="..\Classes\TowerDefent\Layer\GameMapLayer.h">
      <Filter>src\TowerDefent\Layer</Filter>
    </ClInclude>
    <ClInclude Include="..\Classes\TowerDefent\TowerDefentShare.h">
      <Filter>src\TowerDefent</Filter>
    </ClInclude>
    <ClInclude Include="..\Classes\FrameWork\GameData\Weapon\WeaponManager.h">
      <Filter>src\FrameWork\GameData\CWeapon</Filter>
    </ClInclude>
    <ClInclude Include="..\Classes\FrameWork\Manager\ResourceLoader.h">
      <Filter>src\FrameWork\Manager\ResourceLoader</Filter>
    </ClInclude>
    <ClInclude Include="..\Classes\TowerDefent\GameMap\GridPos.h">
      <Filter>src\TowerDefent\GameMap</Filter>
    </ClInclude>
    <ClInclude Include="..\Classes\FrameWork\GameData\CBehavior\CBehavior.h">
      <Filter>src\FrameWork\GameData\CBehavior</Filter>
    </ClInclude>
    <ClInclude Include="..\Classes\FrameWork\GameData\CBehavior\CBeahaviorBuff.h">
      <Filter>src\FrameWork\GameData\CBehavior\CBeahaviorBuff</Filter>
    </ClInclude>
    <ClInclude Include="..\Classes\FrameWork\DataStructure\Ability.h">
      <Filter>src\FrameWork\DataStructure\Ability</Filter>
    </ClInclude>
    <ClInclude Include="..\Classes\FrameWork\GameData\CBehavior\BehaviorManager.h">
      <Filter>src\FrameWork\GameData\CBehavior</Filter>
    </ClInclude>
    <ClInclude Include="..\Classes\FrameWork\GameData\CCost\CCostUnit.h">
      <Filter>src\FrameWork\GameData\CCost\CCostUnit</Filter>
    </ClInclude>
    <ClInclude Include="..\Classes\TowerDefent\Layer\TowerInfoLayer.h">
      <Filter>src\TowerDefent\Layer</Filter>
    </ClInclude>
    <ClInclude Include="..\Classes\TowerDefent\GameMap\WaveManager.h">
      <Filter>src\TowerDefent\GameMap</Filter>
    </ClInclude>
    <ClInclude Include="..\Classes\TowerDefent\Card\SpellCard.h">
      <Filter>src\TowerDefent\Card\SpellCard</Filter>
    </ClInclude>
    <ClInclude Include="..\Classes\TowerDefent\Card\SpellCardManager.h">
      <Filter>src\TowerDefent\Card\SpellCard</Filter>
    </ClInclude>
    <ClInclude Include="..\Classes\TowerDefent\Card\TowerCard.h">
      <Filter>src\TowerDefent\Card\TowerCard</Filter>
    </ClInclude>
    <ClInclude Include="..\Classes\TowerDefent\Card\TowerCardManager.h">
      <Filter>src\TowerDefent\Card\TowerCard</Filter>
    </ClInclude>
    <ClInclude Include="..\Classes\FrameWork\GameData\CPlayer\CPLayer.h">
      <Filter>src\FrameWork\GameData\CPlayer</Filter>
    </ClInclude>
    <ClInclude Include="..\Classes\TowerDefent\Layer\GameMapInfoLayer.h">
      <Filter>src\TowerDefent\Layer</Filter>
    </ClInclude>
    <ClInclude Include="..\Classes\TowerDefent\Scene\PrepareScene.h">
      <Filter>src\TowerDefent\Scene\PrepareScene</Filter>
    </ClInclude>
    <ClInclude Include="..\Classes\FrameWork\GameData\CGameData.h">
      <Filter>src\FrameWork\GameData</Filter>
    </ClInclude>
    <ClInclude Include="..\Classes\FrameWork\GameData\Unit\CUnit.h">
      <Filter>src\FrameWork\GameData\CUnit</Filter>
    </ClInclude>
    <ClInclude Include="..\Classes\FrameWork\GameData\CCost\CCostPlayer.h">
      <Filter>src\FrameWork\GameData\CCost\CCostPlayer</Filter>
    </ClInclude>
    <ClInclude Include="..\Classes\FrameWork\GameData\Actor\CActor.h">
      <Filter>src\FrameWork\GameData\CActor</Filter>
    </ClInclude>
    <ClInclude Include="..\Classes\FrameWork\GameData\CCost\CCost.h">
      <Filter>src\FrameWork\GameData\CCost</Filter>
    </ClInclude>
    <ClInclude Include="..\Classes\FrameWork\GalaxyBase.h">
      <Filter>src\FrameWork</Filter>
    </ClInclude>
    <ClInclude Include="..\Classes\FrameWork\GameData\CSkill\SkillManager.h">
      <Filter>src\FrameWork\GameData\CSkill</Filter>
    </ClInclude>
    <ClInclude Include="..\Classes\FrameWork\GameData\CModification\CModification.h">
      <Filter>src\FrameWork\GameData\CModification</Filter>
    </ClInclude>
    <ClInclude Include="..\Classes\FrameWork\Helper\GalaxyHelper.h">
      <Filter>src\FrameWork\Helper</Filter>
    </ClInclude>
    <ClInclude Include="..\Classes\FrameWork\GameData\Unit\UnitCreator.h">
      <Filter>src\FrameWork\GameData\CUnit</Filter>
    </ClInclude>
    <ClInclude Include="..\Classes\TowerDefent\Unit\TDUnitCreator.h">
      <Filter>src\TowerDefent\Unit</Filter>
    </ClInclude>
  </ItemGroup>
  <ItemGroup>
    <ResourceCompile Include="game.rc">
      <Filter>resource</Filter>
    </ResourceCompile>
  </ItemGroup>
  <ItemGroup>
    <None Include="ClassDiagram.cd" />
    <None Include="ClassDiagram1.cd" />
  </ItemGroup>
</Project>